
Microsoft Visual Studio Solution File, Format Version 12.00
Project("{FAE04EC0-301F-11D3-BF4B-00C04F79EFBC}") = "SatelliteRpc.Server", "src\SatelliteRpc.Server\SatelliteRpc.Server.csproj", "{146A605B-09A6-4E9B-9A1E-C030F7BC0627}"
EndProject
Project("{2150E333-8FDC-42A3-9474-1A3956D46DE8}") = "samples", "samples", "{B891FBEA-1F02-49C1-A570-1BB76E24DD1C}"
EndProject
Project("{FAE04EC0-301F-11D3-BF4B-00C04F79EFBC}") = "Server", "samples\Server\Server.csproj", "{50235CF8-82BA-411A-8E08-6358AF60FEFF}"
EndProject
Project("{FAE04EC0-301F-11D3-BF4B-00C04F79EFBC}") = "Client", "samples\Client\Client.csproj", "{7ABE96C5-C451-4260-936D-818C348512CB}"
EndProject
Project("{2150E333-8FDC-42A3-9474-1A3956D46DE8}") = "tests", "tests", "{594072AE-D250-4FE5-BAC2-36E09A8F0EF0}"
EndProject
Project("{2150E333-8FDC-42A3-9474-1A3956D46DE8}") = "src", "src", "{1019D4BE-C564-41A2-9A54-64A8E166BFA2}"
EndProject
Project("{FAE04EC0-301F-11D3-BF4B-00C04F79EFBC}") = "SatelliteRpc.Server.Tests", "tests\SatelliteRpc.Server.Tests\SatelliteRpc.Server.Tests.csproj", "{0D87520E-912F-40B7-A2D3-6C53EF19C718}"
EndProject
Project("{FAE04EC0-301F-11D3-BF4B-00C04F79EFBC}") = "SatelliteRpc.Protocol", "src\SatelliteRpc.Protocol\SatelliteRpc.Protocol.csproj", "{B8021DD8-8871-41C4-9494-BDF28CAACA94}"
EndProject
Project("{FAE04EC0-301F-11D3-BF4B-00C04F79EFBC}") = "SatelliteRpc.Client", "src\SatelliteRpc.Client\SatelliteRpc.Client.csproj", "{76C4CA40-3FAC-44A0-808F-9C01AC42B4C3}"
EndProject
Project("{FAE04EC0-301F-11D3-BF4B-00C04F79EFBC}") = "SatelliteRpc.Client.SourceGenerator", "src\SatelliteRpc.Client.SourceGenerator\SatelliteRpc.Client.SourceGenerator.csproj", "{1DE03048-151C-4F15-ACA5-B075820C632C}"
EndProject
Project("{FAE04EC0-301F-11D3-BF4B-00C04F79EFBC}") = "SatelliteRpc.Shared", "src\SatelliteRpc.Shared\SatelliteRpc.Shared.csproj", "{A740BF50-4F01-434F-B4CD-BAA81B2E3005}"
EndProject
Project("{FAE04EC0-301F-11D3-BF4B-00C04F79EFBC}") = "SatelliteRpc.Shared.Tests", "tests\SatelliteRpc.Shared.Tests\SatelliteRpc.Shared.Tests.csproj", "{D6295CC4-A592-46DC-B1CD-B785BFACBACF}"
EndProject
Project("{FAE04EC0-301F-11D3-BF4B-00C04F79EFBC}") = "SatelliteRpc.Protocol.Tests", "tests\SatelliteRpc.Protocol.Tests\SatelliteRpc.Protocol.Tests.csproj", "{19040F1D-C753-4FD5-9D78-D9AB2EFE6891}"
EndProject
Project("{2150E333-8FDC-42A3-9474-1A3956D46DE8}") = "items", "items", "{B05A28E4-0DCC-448A-A401-533146FA5BB8}"
	ProjectSection(SolutionItems) = preProject
		README.md = README.md
	EndProjectSection
EndProject
Global
	GlobalSection(SolutionConfigurationPlatforms) = preSolution
		Debug|Any CPU = Debug|Any CPU
		Release|Any CPU = Release|Any CPU
	EndGlobalSection
	GlobalSection(ProjectConfigurationPlatforms) = postSolution
		{146A605B-09A6-4E9B-9A1E-C030F7BC0627}.Debug|Any CPU.ActiveCfg = Debug|Any CPU
		{146A605B-09A6-4E9B-9A1E-C030F7BC0627}.Debug|Any CPU.Build.0 = Debug|Any CPU
		{146A605B-09A6-4E9B-9A1E-C030F7BC0627}.Release|Any CPU.ActiveCfg = Release|Any CPU
		{146A605B-09A6-4E9B-9A1E-C030F7BC0627}.Release|Any CPU.Build.0 = Release|Any CPU
		{50235CF8-82BA-411A-8E08-6358AF60FEFF}.Debug|Any CPU.ActiveCfg = Debug|Any CPU
		{50235CF8-82BA-411A-8E08-6358AF60FEFF}.Debug|Any CPU.Build.0 = Debug|Any CPU
		{50235CF8-82BA-411A-8E08-6358AF60FEFF}.Release|Any CPU.ActiveCfg = Release|Any CPU
		{50235CF8-82BA-411A-8E08-6358AF60FEFF}.Release|Any CPU.Build.0 = Release|Any CPU
		{7ABE96C5-C451-4260-936D-818C348512CB}.Debug|Any CPU.ActiveCfg = Debug|Any CPU
		{7ABE96C5-C451-4260-936D-818C348512CB}.Debug|Any CPU.Build.0 = Debug|Any CPU
		{7ABE96C5-C451-4260-936D-818C348512CB}.Release|Any CPU.ActiveCfg = Release|Any CPU
		{7ABE96C5-C451-4260-936D-818C348512CB}.Release|Any CPU.Build.0 = Release|Any CPU
		{0D87520E-912F-40B7-A2D3-6C53EF19C718}.Debug|Any CPU.ActiveCfg = Debug|Any CPU
		{0D87520E-912F-40B7-A2D3-6C53EF19C718}.Debug|Any CPU.Build.0 = Debug|Any CPU
		{0D87520E-912F-40B7-A2D3-6C53EF19C718}.Release|Any CPU.ActiveCfg = Release|Any CPU
		{0D87520E-912F-40B7-A2D3-6C53EF19C718}.Release|Any CPU.Build.0 = Release|Any CPU
		{B8021DD8-8871-41C4-9494-BDF28CAACA94}.Debug|Any CPU.ActiveCfg = Debug|Any CPU
		{B8021DD8-8871-41C4-9494-BDF28CAACA94}.Debug|Any CPU.Build.0 = Debug|Any CPU
		{B8021DD8-8871-41C4-9494-BDF28CAACA94}.Release|Any CPU.ActiveCfg = Release|Any CPU
		{B8021DD8-8871-41C4-9494-BDF28CAACA94}.Release|Any CPU.Build.0 = Release|Any CPU
		{76C4CA40-3FAC-44A0-808F-9C01AC42B4C3}.Debug|Any CPU.ActiveCfg = Debug|Any CPU
		{76C4CA40-3FAC-44A0-808F-9C01AC42B4C3}.Debug|Any CPU.Build.0 = Debug|Any CPU
		{76C4CA40-3FAC-44A0-808F-9C01AC42B4C3}.Release|Any CPU.ActiveCfg = Release|Any CPU
		{76C4CA40-3FAC-44A0-808F-9C01AC42B4C3}.Release|Any CPU.Build.0 = Release|Any CPU
		{1DE03048-151C-4F15-ACA5-B075820C632C}.Debug|Any CPU.ActiveCfg = Debug|Any CPU
		{1DE03048-151C-4F15-ACA5-B075820C632C}.Debug|Any CPU.Build.0 = Debug|Any CPU
		{1DE03048-151C-4F15-ACA5-B075820C632C}.Release|Any CPU.ActiveCfg = Release|Any CPU
		{1DE03048-151C-4F15-ACA5-B075820C632C}.Release|Any CPU.Build.0 = Release|Any CPU
		{A740BF50-4F01-434F-B4CD-BAA81B2E3005}.Debug|Any CPU.ActiveCfg = Debug|Any CPU
		{A740BF50-4F01-434F-B4CD-BAA81B2E3005}.Debug|Any CPU.Build.0 = Debug|Any CPU
		{A740BF50-4F01-434F-B4CD-BAA81B2E3005}.Release|Any CPU.ActiveCfg = Release|Any CPU
		{A740BF50-4F01-434F-B4CD-BAA81B2E3005}.Release|Any CPU.Build.0 = Release|Any CPU
		{D6295CC4-A592-46DC-B1CD-B785BFACBACF}.Debug|Any CPU.ActiveCfg = Debug|Any CPU
		{D6295CC4-A592-46DC-B1CD-B785BFACBACF}.Debug|Any CPU.Build.0 = Debug|Any CPU
		{D6295CC4-A592-46DC-B1CD-B785BFACBACF}.Release|Any CPU.ActiveCfg = Release|Any CPU
		{D6295CC4-A592-46DC-B1CD-B785BFACBACF}.Release|Any CPU.Build.0 = Release|Any CPU
		{19040F1D-C753-4FD5-9D78-D9AB2EFE6891}.Debug|Any CPU.ActiveCfg = Debug|Any CPU
		{19040F1D-C753-4FD5-9D78-D9AB2EFE6891}.Debug|Any CPU.Build.0 = Debug|Any CPU
		{19040F1D-C753-4FD5-9D78-D9AB2EFE6891}.Release|Any CPU.ActiveCfg = Release|Any CPU
		{19040F1D-C753-4FD5-9D78-D9AB2EFE6891}.Release|Any CPU.Build.0 = Release|Any CPU
	EndGlobalSection
	GlobalSection(NestedProjects) = preSolution
		{50235CF8-82BA-411A-8E08-6358AF60FEFF} = {B891FBEA-1F02-49C1-A570-1BB76E24DD1C}
		{7ABE96C5-C451-4260-936D-818C348512CB} = {B891FBEA-1F02-49C1-A570-1BB76E24DD1C}
		{146A605B-09A6-4E9B-9A1E-C030F7BC0627} = {1019D4BE-C564-41A2-9A54-64A8E166BFA2}
		{0D87520E-912F-40B7-A2D3-6C53EF19C718} = {594072AE-D250-4FE5-BAC2-36E09A8F0EF0}
		{B8021DD8-8871-41C4-9494-BDF28CAACA94} = {1019D4BE-C564-41A2-9A54-64A8E166BFA2}
		{76C4CA40-3FAC-44A0-808F-9C01AC42B4C3} = {1019D4BE-C564-41A2-9A54-64A8E166BFA2}
		{1DE03048-151C-4F15-ACA5-B075820C632C} = {1019D4BE-C564-41A2-9A54-64A8E166BFA2}
		{A740BF50-4F01-434F-B4CD-BAA81B2E3005} = {1019D4BE-C564-41A2-9A54-64A8E166BFA2}
		{D6295CC4-A592-46DC-B1CD-B785BFACBACF} = {594072AE-D250-4FE5-BAC2-36E09A8F0EF0}
		{19040F1D-C753-4FD5-9D78-D9AB2EFE6891} = {594072AE-D250-4FE5-BAC2-36E09A8F0EF0}
	EndGlobalSection
EndGlobal
